# generated by rye
# use `rye lock` or `rye sync` to update this lockfile
#
# last locked with the following flags:
#   pre: false
#   features: []
#   all-features: false
#   with-sources: false
#   generate-hashes: false
#   universal: false

-e file:.
certifi==2025.1.31
    # via requests
charset-normalizer==3.4.1
    # via requests
colorama==0.4.6
    # via pytest
croniter==6.0.0
dateparser==1.2.1
idna==3.10
    # via requests
iniconfig==2.0.0
    # via pytest
packaging==24.2
    # via pytest
pluggy==1.5.0
    # via pytest
psutil==7.0.0
pygetwindow==0.0.9
pyrect==0.2.0
    # via pygetwindow
pytest==8.3.4
python-dateutil==2.9.0.post0
    # via croniter
    # via dateparser
pytz==2025.1
    # via croniter
    # via dateparser
pyyaml==6.0.2
regex==2024.11.6
    # via dateparser
requests==2.32.3
six==1.17.0
    # via python-dateutil
toml==0.10.2
tzdata==2025.1
    # via tzlocal
tzlocal==5.3
    # via dateparser
urllib3==2.3.0
    # via requests
