# generated by rye
# use `rye lock` or `rye sync` to update this lockfile
#
# last locked with the following flags:
#   pre: false
#   features: []
#   all-features: false
#   with-sources: false
#   generate-hashes: false
#   universal: false

-e file:.
click==8.1.8
colorama==0.4.6
    # via click
psutil==7.0.0
pygetwindow==0.0.9
pyrect==0.2.0
    # via pygetwindow
pyyaml==6.0.2
    # via zuto
watchdog==6.0.0
    # via zuto
zuu @ git+https://github.com/z2u4/py_zuu.git@00550da0faf5c13d414246163925481cb79bcc25
    # via zuto
