# generated by rye
# use `rye lock` or `rye sync` to update this lockfile
#
# last locked with the following flags:
#   pre: false
#   features: []
#   all-features: true
#   with-sources: true
#   generate-hashes: false
#   universal: false

--index-url https://pypi.org/simple/

-e file:.
certifi==2025.1.31
    # via requests
charset-normalizer==3.4.1
    # via requests
croniter==6.0.0
    # via zuu
dateparser==1.2.1
    # via zuu
idna==3.10
    # via requests
psutil==6.1.1
    # via zuu
pygetwindow==0.0.9
    # via zuu
pyrect==0.2.0
    # via pygetwindow
python-dateutil==2.9.0.post0
    # via croniter
    # via dateparser
pytz==2025.1
    # via croniter
    # via dateparser
pyyaml==6.0.2
    # via zuu
regex==2024.11.6
    # via dateparser
requests==2.32.3
    # via zuu
screeninfo==0.8.1
    # via zuu
six==1.17.0
    # via python-dateutil
toml==0.10.2
    # via zuu
tzdata==2025.1
    # via tzlocal
tzlocal==5.2
    # via dateparser
urllib3==2.3.0
    # via requests
