# generated by rye
# use `rye lock` or `rye sync` to update this lockfile
#
# last locked with the following flags:
#   pre: false
#   features: []
#   all-features: true
#   with-sources: true
#   generate-hashes: false
#   universal: false

--index-url https://pypi.org/simple/

-e file:.
certifi==2025.1.31
    # via requests
charset-normalizer==3.4.1
    # via requests
colorama==0.4.6
    # via pytest
croniter==6.0.0
    # via zuu
dateparser==1.2.1
    # via zuu
idna==3.10
    # via requests
iniconfig==2.0.0
    # via pytest
jaraco-classes==3.4.0
    # via keyring
jaraco-context==6.0.1
    # via keyring
jaraco-functools==4.1.0
    # via keyring
keyring==25.6.0
more-itertools==10.6.0
    # via jaraco-classes
    # via jaraco-functools
packaging==24.2
    # via pytest
pillow==11.1.0
pluggy==1.5.0
    # via pytest
psutil==6.1.1
    # via zuu
pygetwindow==0.0.9
    # via zuu
pyrect==0.2.0
    # via pygetwindow
pyscreeze==1.0.1
pytest==8.3.4
python-dateutil==2.9.0.post0
    # via croniter
    # via dateparser
pytz==2025.1
    # via croniter
    # via dateparser
pywin32==308
pywin32-ctypes==0.2.3
    # via keyring
pyyaml==6.0.2
    # via zuu
regex==2024.11.6
    # via dateparser
requests==2.32.3
    # via zuu
screeninfo==0.8.1
    # via zuu
six==1.17.0
    # via python-dateutil
toml==0.10.2
    # via zuu
tzdata==2025.1
    # via tzlocal
tzlocal==5.2
    # via dateparser
urllib3==2.3.0
    # via requests
