# generated by rye
# use `rye lock` or `rye sync` to update this lockfile
#
# last locked with the following flags:
#   pre: false
#   features: []
#   all-features: false
#   with-sources: false
#   generate-hashes: false
#   universal: false

-e file:.
apscheduler==3.11.0
    # via zs-zuto
click==8.1.8
    # via zs-zuto
colorama==0.4.6
    # via click
croniter==6.0.0
    # via zs-zuto
dateparser==1.2.1
    # via zs-zuto
psutil==7.0.0
    # via zs-zuto
pygetwindow==0.0.9
    # via zs-zuto
pyrect==0.2.0
    # via pygetwindow
python-dateutil==2.9.0.post0
    # via croniter
    # via dateparser
pytz==2025.1
    # via croniter
    # via dateparser
pyyaml==6.0.2
    # via zs-zuto
regex==2024.11.6
    # via dateparser
six==1.17.0
    # via python-dateutil
tzdata==2025.1
    # via tzlocal
tzlocal==5.3
    # via apscheduler
    # via dateparser
watchdog==6.0.0
    # via zs-zuto
zs-zuto-testmod @ git+https://github.com/z-uu/zs.zuto.testmod.git@1eb42217ccc4d6584f1a7e6deeb375cbd0d235d3
zuu==7.0.0
    # via zs-zuto
